// !$*UTF8*$!
{
	archiveVersion = 1;
	classes = {
	};
	objectVersion = 51;
	objects = {

/* Begin PBXBuildFile section */
		1FB75B9FB82B8324BF8F0A79 /* Pods_nano4.framework in Frameworks */ = {isa = PBXBuildFile; fileRef = 071F62DEDB660E6CCC4EF679 /* Pods_nano4.framework */; };
		5620E1CE2422D98400D04D8B /* GameData.swift in Sources */ = {isa = PBXBuildFile; fileRef = 5620E1CD2422D98300D04D8B /* GameData.swift */; };
		563E695B2412D30200333DDD /* EndGameView.swift in Sources */ = {isa = PBXBuildFile; fileRef = 563E695A2412D30100333DDD /* EndGameView.swift */; };
		564C2837242169A400020E64 /* AdDelegateWrapper.swift in Sources */ = {isa = PBXBuildFile; fileRef = 564C2836242169A400020E64 /* AdDelegateWrapper.swift */; };
		56FA5A0A241804C3003ACDE9 /* Model.swift in Sources */ = {isa = PBXBuildFile; fileRef = 56FA5A09241804C3003ACDE9 /* Model.swift */; };
		56FA5A1024197439003ACDE9 /* TailNode.swift in Sources */ = {isa = PBXBuildFile; fileRef = 56FA5A0F24197439003ACDE9 /* TailNode.swift */; };
		56FA5A13241AB514003ACDE9 /* SF-Mono-Semibold.otf in Resources */ = {isa = PBXBuildFile; fileRef = 56FA5A12241AB514003ACDE9 /* SF-Mono-Semibold.otf */; };
		56FA5A15241AC564003ACDE9 /* CellphoneView.swift in Sources */ = {isa = PBXBuildFile; fileRef = 56FA5A14241AC563003ACDE9 /* CellphoneView.swift */; };
		56FAC148241EDB7800DA9B3B /* gameover2.wav in Resources */ = {isa = PBXBuildFile; fileRef = 56FAC147241EDB7700DA9B3B /* gameover2.wav */; };
		56FAC14A241EDB7F00DA9B3B /* blocoquebrando1.wav in Resources */ = {isa = PBXBuildFile; fileRef = 56FAC149241EDB7F00DA9B3B /* blocoquebrando1.wav */; };
		56FAC14C241EDB9000DA9B3B /* vida1.wav in Resources */ = {isa = PBXBuildFile; fileRef = 56FAC14B241EDB9000DA9B3B /* vida1.wav */; };
		56FAC14E241EDB9E00DA9B3B /* subtraçãobloco1.wav in Resources */ = {isa = PBXBuildFile; fileRef = 56FAC14D241EDB9E00DA9B3B /* subtraçãobloco1.wav */; };
		644F84E0241020A100412309 /* SetupView.swift in Sources */ = {isa = PBXBuildFile; fileRef = 644F84DF241020A100412309 /* SetupView.swift */; };
		644F84E2241020EF00412309 /* FirstView.swift in Sources */ = {isa = PBXBuildFile; fileRef = 644F84E1241020EF00412309 /* FirstView.swift */; };
		644F84E4241020FE00412309 /* PauseView.swift in Sources */ = {isa = PBXBuildFile; fileRef = 644F84E3241020FE00412309 /* PauseView.swift */; };
		644F84FD2411A48600412309 /* GameScene.swift in Sources */ = {isa = PBXBuildFile; fileRef = 644F84F82411A48600412309 /* GameScene.swift */; };
		644F84FE2411A48600412309 /* GameScene.sks in Resources */ = {isa = PBXBuildFile; fileRef = 644F84F92411A48600412309 /* GameScene.sks */; };
		644F84FF2411A48600412309 /* Block.swift in Sources */ = {isa = PBXBuildFile; fileRef = 644F84FA2411A48600412309 /* Block.swift */; };
		644F85002411A48600412309 /* GameObject.swift in Sources */ = {isa = PBXBuildFile; fileRef = 644F84FB2411A48600412309 /* GameObject.swift */; };
		644F85012411A48600412309 /* Player.swift in Sources */ = {isa = PBXBuildFile; fileRef = 644F84FC2411A48600412309 /* Player.swift */; };
		644F85072411A49700412309 /* LifeSpawner.swift in Sources */ = {isa = PBXBuildFile; fileRef = 644F85022411A49700412309 /* LifeSpawner.swift */; };
		644F85082411A49800412309 /* ContactMask.swift in Sources */ = {isa = PBXBuildFile; fileRef = 644F85032411A49700412309 /* ContactMask.swift */; };
		644F85092411A49800412309 /* Spawner.swift in Sources */ = {isa = PBXBuildFile; fileRef = 644F85042411A49700412309 /* Spawner.swift */; };
		644F850A2411A49800412309 /* BlockSpawner.swift in Sources */ = {isa = PBXBuildFile; fileRef = 644F85052411A49700412309 /* BlockSpawner.swift */; };
		644F850B2411A49800412309 /* Lifes.swift in Sources */ = {isa = PBXBuildFile; fileRef = 644F85062411A49700412309 /* Lifes.swift */; };
		644F8513241846F700412309 /* Bar.swift in Sources */ = {isa = PBXBuildFile; fileRef = 644F8512241846F700412309 /* Bar.swift */; };
		644F85152418478400412309 /* BarSpawner.swift in Sources */ = {isa = PBXBuildFile; fileRef = 644F85142418478400412309 /* BarSpawner.swift */; };
		64A40145242D54E500138B4C /* GoogleService-Info.plist in Resources */ = {isa = PBXBuildFile; fileRef = 64A40144242D54E500138B4C /* GoogleService-Info.plist */; };
		64F9099C240EDEB700FF621E /* AppDelegate.swift in Sources */ = {isa = PBXBuildFile; fileRef = 64F9099B240EDEB700FF621E /* AppDelegate.swift */; };
		64F9099E240EDEB700FF621E /* SceneDelegate.swift in Sources */ = {isa = PBXBuildFile; fileRef = 64F9099D240EDEB700FF621E /* SceneDelegate.swift */; };
		64F909A0240EDEB700FF621E /* ContentView.swift in Sources */ = {isa = PBXBuildFile; fileRef = 64F9099F240EDEB700FF621E /* ContentView.swift */; };
		64F909A2240EDEBA00FF621E /* Assets.xcassets in Resources */ = {isa = PBXBuildFile; fileRef = 64F909A1240EDEBA00FF621E /* Assets.xcassets */; };
		64F909A5240EDEBA00FF621E /* Preview Assets.xcassets in Resources */ = {isa = PBXBuildFile; fileRef = 64F909A4240EDEBA00FF621E /* Preview Assets.xcassets */; };
		64F909A8240EDEBA00FF621E /* LaunchScreen.storyboard in Resources */ = {isa = PBXBuildFile; fileRef = 64F909A6240EDEBA00FF621E /* LaunchScreen.storyboard */; };
		64F909B4240EDF0500FF621E /* GameViewAdapter.swift in Sources */ = {isa = PBXBuildFile; fileRef = 64F909B3240EDF0400FF621E /* GameViewAdapter.swift */; };
		64F909B5240EDF0500FF621E /* GameViewController.swift in Sources */ = {isa = PBXBuildFile; fileRef = 64F909AF240EDF0400FF621E /* GameViewController.swift */; };
/* End PBXBuildFile section */

/* Begin PBXFileReference section */
		071F62DEDB660E6CCC4EF679 /* Pods_nano4.framework */ = {isa = PBXFileReference; explicitFileType = wrapper.framework; includeInIndex = 0; path = Pods_nano4.framework; sourceTree = BUILT_PRODUCTS_DIR; };
		3C4CC39FA039747263E7F774 /* Pods-nano4.debug.xcconfig */ = {isa = PBXFileReference; includeInIndex = 1; lastKnownFileType = text.xcconfig; name = "Pods-nano4.debug.xcconfig"; path = "Target Support Files/Pods-nano4/Pods-nano4.debug.xcconfig"; sourceTree = "<group>"; };
		5620E1CD2422D98300D04D8B /* GameData.swift */ = {isa = PBXFileReference; lastKnownFileType = sourcecode.swift; path = GameData.swift; sourceTree = "<group>"; };
		563E695A2412D30100333DDD /* EndGameView.swift */ = {isa = PBXFileReference; lastKnownFileType = sourcecode.swift; path = EndGameView.swift; sourceTree = "<group>"; };
		564C2836242169A400020E64 /* AdDelegateWrapper.swift */ = {isa = PBXFileReference; lastKnownFileType = sourcecode.swift; path = AdDelegateWrapper.swift; sourceTree = "<group>"; };
		56FA5A09241804C3003ACDE9 /* Model.swift */ = {isa = PBXFileReference; lastKnownFileType = sourcecode.swift; path = Model.swift; sourceTree = "<group>"; };
		56FA5A0F24197439003ACDE9 /* TailNode.swift */ = {isa = PBXFileReference; lastKnownFileType = sourcecode.swift; path = TailNode.swift; sourceTree = "<group>"; };
		56FA5A12241AB514003ACDE9 /* SF-Mono-Semibold.otf */ = {isa = PBXFileReference; lastKnownFileType = file; path = "SF-Mono-Semibold.otf"; sourceTree = "<group>"; };
		56FA5A14241AC563003ACDE9 /* CellphoneView.swift */ = {isa = PBXFileReference; lastKnownFileType = sourcecode.swift; path = CellphoneView.swift; sourceTree = "<group>"; };
		56FAC147241EDB7700DA9B3B /* gameover2.wav */ = {isa = PBXFileReference; lastKnownFileType = audio.wav; path = gameover2.wav; sourceTree = "<group>"; };
		56FAC149241EDB7F00DA9B3B /* blocoquebrando1.wav */ = {isa = PBXFileReference; lastKnownFileType = audio.wav; path = blocoquebrando1.wav; sourceTree = "<group>"; };
		56FAC14B241EDB9000DA9B3B /* vida1.wav */ = {isa = PBXFileReference; lastKnownFileType = audio.wav; path = vida1.wav; sourceTree = "<group>"; };
		56FAC14D241EDB9E00DA9B3B /* subtraçãobloco1.wav */ = {isa = PBXFileReference; lastKnownFileType = audio.wav; path = "subtraçãobloco1.wav"; sourceTree = "<group>"; };
		644F84DF241020A100412309 /* SetupView.swift */ = {isa = PBXFileReference; lastKnownFileType = sourcecode.swift; path = SetupView.swift; sourceTree = "<group>"; };
		644F84E1241020EF00412309 /* FirstView.swift */ = {isa = PBXFileReference; lastKnownFileType = sourcecode.swift; path = FirstView.swift; sourceTree = "<group>"; };
		644F84E3241020FE00412309 /* PauseView.swift */ = {isa = PBXFileReference; lastKnownFileType = sourcecode.swift; path = PauseView.swift; sourceTree = "<group>"; };
		644F84F82411A48600412309 /* GameScene.swift */ = {isa = PBXFileReference; fileEncoding = 4; lastKnownFileType = sourcecode.swift; path = GameScene.swift; sourceTree = "<group>"; };
		644F84F92411A48600412309 /* GameScene.sks */ = {isa = PBXFileReference; lastKnownFileType = file.sks; path = GameScene.sks; sourceTree = "<group>"; };
		644F84FA2411A48600412309 /* Block.swift */ = {isa = PBXFileReference; fileEncoding = 4; lastKnownFileType = sourcecode.swift; path = Block.swift; sourceTree = "<group>"; };
		644F84FB2411A48600412309 /* GameObject.swift */ = {isa = PBXFileReference; fileEncoding = 4; lastKnownFileType = sourcecode.swift; path = GameObject.swift; sourceTree = "<group>"; };
		644F84FC2411A48600412309 /* Player.swift */ = {isa = PBXFileReference; fileEncoding = 4; lastKnownFileType = sourcecode.swift; path = Player.swift; sourceTree = "<group>"; };
		644F85022411A49700412309 /* LifeSpawner.swift */ = {isa = PBXFileReference; fileEncoding = 4; lastKnownFileType = sourcecode.swift; path = LifeSpawner.swift; sourceTree = "<group>"; };
		644F85032411A49700412309 /* ContactMask.swift */ = {isa = PBXFileReference; fileEncoding = 4; lastKnownFileType = sourcecode.swift; path = ContactMask.swift; sourceTree = "<group>"; };
		644F85042411A49700412309 /* Spawner.swift */ = {isa = PBXFileReference; fileEncoding = 4; lastKnownFileType = sourcecode.swift; path = Spawner.swift; sourceTree = "<group>"; };
		644F85052411A49700412309 /* BlockSpawner.swift */ = {isa = PBXFileReference; fileEncoding = 4; lastKnownFileType = sourcecode.swift; path = BlockSpawner.swift; sourceTree = "<group>"; };
		644F85062411A49700412309 /* Lifes.swift */ = {isa = PBXFileReference; fileEncoding = 4; lastKnownFileType = sourcecode.swift; path = Lifes.swift; sourceTree = "<group>"; };
		644F8512241846F700412309 /* Bar.swift */ = {isa = PBXFileReference; lastKnownFileType = sourcecode.swift; path = Bar.swift; sourceTree = "<group>"; };
		644F85142418478400412309 /* BarSpawner.swift */ = {isa = PBXFileReference; lastKnownFileType = sourcecode.swift; path = BarSpawner.swift; sourceTree = "<group>"; };
		64A40144242D54E500138B4C /* GoogleService-Info.plist */ = {isa = PBXFileReference; fileEncoding = 4; lastKnownFileType = text.plist.xml; path = "GoogleService-Info.plist"; sourceTree = "<group>"; };
		64F90998240EDEB700FF621E /* nano4.app */ = {isa = PBXFileReference; explicitFileType = wrapper.application; includeInIndex = 0; path = nano4.app; sourceTree = BUILT_PRODUCTS_DIR; };
		64F9099B240EDEB700FF621E /* AppDelegate.swift */ = {isa = PBXFileReference; lastKnownFileType = sourcecode.swift; path = AppDelegate.swift; sourceTree = "<group>"; };
		64F9099D240EDEB700FF621E /* SceneDelegate.swift */ = {isa = PBXFileReference; lastKnownFileType = sourcecode.swift; path = SceneDelegate.swift; sourceTree = "<group>"; };
		64F9099F240EDEB700FF621E /* ContentView.swift */ = {isa = PBXFileReference; lastKnownFileType = sourcecode.swift; path = ContentView.swift; sourceTree = "<group>"; };
		64F909A1240EDEBA00FF621E /* Assets.xcassets */ = {isa = PBXFileReference; lastKnownFileType = folder.assetcatalog; path = Assets.xcassets; sourceTree = "<group>"; };
		64F909A4240EDEBA00FF621E /* Preview Assets.xcassets */ = {isa = PBXFileReference; lastKnownFileType = folder.assetcatalog; path = "Preview Assets.xcassets"; sourceTree = "<group>"; };
		64F909A7240EDEBA00FF621E /* Base */ = {isa = PBXFileReference; lastKnownFileType = file.storyboard; name = Base; path = Base.lproj/LaunchScreen.storyboard; sourceTree = "<group>"; };
		64F909A9240EDEBA00FF621E /* Info.plist */ = {isa = PBXFileReference; lastKnownFileType = text.plist.xml; path = Info.plist; sourceTree = "<group>"; };
		64F909AF240EDF0400FF621E /* GameViewController.swift */ = {isa = PBXFileReference; lastKnownFileType = sourcecode.swift; path = GameViewController.swift; sourceTree = "<group>"; };
		64F909B3240EDF0400FF621E /* GameViewAdapter.swift */ = {isa = PBXFileReference; lastKnownFileType = sourcecode.swift; path = GameViewAdapter.swift; sourceTree = "<group>"; };
		C07B6833FF1B4E51CC3B8668 /* Pods-nano4.release.xcconfig */ = {isa = PBXFileReference; includeInIndex = 1; lastKnownFileType = text.xcconfig; name = "Pods-nano4.release.xcconfig"; path = "Target Support Files/Pods-nano4/Pods-nano4.release.xcconfig"; sourceTree = "<group>"; };
/* End PBXFileReference section */

/* Begin PBXFrameworksBuildPhase section */
		64F90995240EDEB700FF621E /* Frameworks */ = {
			isa = PBXFrameworksBuildPhase;
			buildActionMask = 2147483647;
			files = (
				1FB75B9FB82B8324BF8F0A79 /* Pods_nano4.framework in Frameworks */,
			);
			runOnlyForDeploymentPostprocessing = 0;
		};
/* End PBXFrameworksBuildPhase section */

/* Begin PBXGroup section */
		56FA5A08241804A4003ACDE9 /* SharedData */ = {
			isa = PBXGroup;
			children = (
				56FA5A09241804C3003ACDE9 /* Model.swift */,
			);
			path = SharedData;
			sourceTree = "<group>";
		};
		56FA5A11241AB4C0003ACDE9 /* Fonts */ = {
			isa = PBXGroup;
			children = (
				56FA5A12241AB514003ACDE9 /* SF-Mono-Semibold.otf */,
			);
			path = Fonts;
			sourceTree = "<group>";
		};
		56FAC146241EDB5500DA9B3B /* Sons */ = {
			isa = PBXGroup;
			children = (
				56FAC14D241EDB9E00DA9B3B /* subtraçãobloco1.wav */,
				56FAC14B241EDB9000DA9B3B /* vida1.wav */,
				56FAC149241EDB7F00DA9B3B /* blocoquebrando1.wav */,
				56FAC147241EDB7700DA9B3B /* gameover2.wav */,
			);
			path = Sons;
			sourceTree = "<group>";
		};
		644F84DE2410200C00412309 /* SwuiftUIViews */ = {
			isa = PBXGroup;
			children = (
				64F9099F240EDEB700FF621E /* ContentView.swift */,
				5620E1CD2422D98300D04D8B /* GameData.swift */,
				56FA5A14241AC563003ACDE9 /* CellphoneView.swift */,
				563E695A2412D30100333DDD /* EndGameView.swift */,
				644F84DF241020A100412309 /* SetupView.swift */,
				644F84E1241020EF00412309 /* FirstView.swift */,
				644F84E3241020FE00412309 /* PauseView.swift */,
			);
			path = SwuiftUIViews;
			sourceTree = "<group>";
		};
		644F84E52410213E00412309 /* Spritekit */ = {
			isa = PBXGroup;
			children = (
				644F85102411A55000412309 /* View */,
				56FA5A11241AB4C0003ACDE9 /* Fonts */,
				644F850F2411A53A00412309 /* GameScene */,
				644F850C2411A4DB00412309 /* Spawner */,
			);
			path = Spritekit;
			sourceTree = "<group>";
		};
		644F850C2411A4DB00412309 /* Spawner */ = {
			isa = PBXGroup;
			children = (
				644F85022411A49700412309 /* LifeSpawner.swift */,
				644F85042411A49700412309 /* Spawner.swift */,
				644F85052411A49700412309 /* BlockSpawner.swift */,
				644F85142418478400412309 /* BarSpawner.swift */,
			);
			path = Spawner;
			sourceTree = "<group>";
		};
		644F850D2411A4F200412309 /* GameObjects */ = {
			isa = PBXGroup;
			children = (
				644F850E2411A51B00412309 /* Mask */,
				644F84FB2411A48600412309 /* GameObject.swift */,
				644F84FA2411A48600412309 /* Block.swift */,
				644F85062411A49700412309 /* Lifes.swift */,
				644F84FC2411A48600412309 /* Player.swift */,
				644F8512241846F700412309 /* Bar.swift */,
				56FA5A0F24197439003ACDE9 /* TailNode.swift */,
			);
			path = GameObjects;
			sourceTree = "<group>";
		};
		644F850E2411A51B00412309 /* Mask */ = {
			isa = PBXGroup;
			children = (
				644F85032411A49700412309 /* ContactMask.swift */,
			);
			path = Mask;
			sourceTree = "<group>";
		};
		644F850F2411A53A00412309 /* GameScene */ = {
			isa = PBXGroup;
			children = (
				644F84F92411A48600412309 /* GameScene.sks */,
				644F84F82411A48600412309 /* GameScene.swift */,
				644F850D2411A4F200412309 /* GameObjects */,
			);
			path = GameScene;
			sourceTree = "<group>";
		};
		644F85102411A55000412309 /* View */ = {
			isa = PBXGroup;
			children = (
				64F909B3240EDF0400FF621E /* GameViewAdapter.swift */,
				64F909AF240EDF0400FF621E /* GameViewController.swift */,
			);
			path = View;
			sourceTree = "<group>";
		};
		644F85112411A57800412309 /* Delegate */ = {
			isa = PBXGroup;
			children = (
				64F9099B240EDEB700FF621E /* AppDelegate.swift */,
				64F9099D240EDEB700FF621E /* SceneDelegate.swift */,
				564C2836242169A400020E64 /* AdDelegateWrapper.swift */,
			);
			path = Delegate;
			sourceTree = "<group>";
		};
		64F9098F240EDEB700FF621E = {
			isa = PBXGroup;
			children = (
				64F9099A240EDEB700FF621E /* nano4 */,
				64F90999240EDEB700FF621E /* Products */,
				EF301305104B7FBA2AA2B7FB /* Pods */,
				9F76C3AC05B61450D1AE7435 /* Frameworks */,
			);
			sourceTree = "<group>";
		};
		64F90999240EDEB700FF621E /* Products */ = {
			isa = PBXGroup;
			children = (
				64F90998240EDEB700FF621E /* nano4.app */,
			);
			name = Products;
			sourceTree = "<group>";
		};
		64F9099A240EDEB700FF621E /* nano4 */ = {
			isa = PBXGroup;
			children = (
				56FA5A08241804A4003ACDE9 /* SharedData */,
				644F85112411A57800412309 /* Delegate */,
				644F84E52410213E00412309 /* Spritekit */,
				644F84DE2410200C00412309 /* SwuiftUIViews */,
				64F909A1240EDEBA00FF621E /* Assets.xcassets */,
				56FAC146241EDB5500DA9B3B /* Sons */,
				64F909A6240EDEBA00FF621E /* LaunchScreen.storyboard */,
				64A40144242D54E500138B4C /* GoogleService-Info.plist */,
				64F909A9240EDEBA00FF621E /* Info.plist */,
				64F909A3240EDEBA00FF621E /* Preview Content */,
			);
			path = nano4;
			sourceTree = "<group>";
		};
		64F909A3240EDEBA00FF621E /* Preview Content */ = {
			isa = PBXGroup;
			children = (
				64F909A4240EDEBA00FF621E /* Preview Assets.xcassets */,
			);
			path = "Preview Content";
			sourceTree = "<group>";
		};
		9F76C3AC05B61450D1AE7435 /* Frameworks */ = {
			isa = PBXGroup;
			children = (
				071F62DEDB660E6CCC4EF679 /* Pods_nano4.framework */,
			);
			name = Frameworks;
			sourceTree = "<group>";
		};
		EF301305104B7FBA2AA2B7FB /* Pods */ = {
			isa = PBXGroup;
			children = (
				3C4CC39FA039747263E7F774 /* Pods-nano4.debug.xcconfig */,
				C07B6833FF1B4E51CC3B8668 /* Pods-nano4.release.xcconfig */,
			);
			path = Pods;
			sourceTree = "<group>";
		};
/* End PBXGroup section */

/* Begin PBXNativeTarget section */
		64F90997240EDEB700FF621E /* nano4 */ = {
			isa = PBXNativeTarget;
			buildConfigurationList = 64F909AC240EDEBA00FF621E /* Build configuration list for PBXNativeTarget "nano4" */;
			buildPhases = (
				8C9D17A7039872A8C389C91A /* [CP] Check Pods Manifest.lock */,
				64F90994240EDEB700FF621E /* Sources */,
				64F90995240EDEB700FF621E /* Frameworks */,
				64F90996240EDEB700FF621E /* Resources */,
				593C1EF035776BDA27819071 /* [CP] Embed Pods Frameworks */,
				64A4014624302CBF00138B4C /* ShellScript */,
			);
			buildRules = (
			);
			dependencies = (
			);
			name = nano4;
			productName = nano4;
			productReference = 64F90998240EDEB700FF621E /* nano4.app */;
			productType = "com.apple.product-type.application";
		};
/* End PBXNativeTarget section */

/* Begin PBXProject section */
		64F90990240EDEB700FF621E /* Project object */ = {
			isa = PBXProject;
			attributes = {
				LastSwiftUpdateCheck = 1110;
				LastUpgradeCheck = 1110;
				ORGANIZATIONNAME = "Kevin Ribeiro";
				TargetAttributes = {
					64F90997240EDEB700FF621E = {
						CreatedOnToolsVersion = 11.1;
					};
				};
			};
			buildConfigurationList = 64F90993240EDEB700FF621E /* Build configuration list for PBXProject "nano4" */;
			compatibilityVersion = "Xcode 9.3";
			developmentRegion = en;
			hasScannedForEncodings = 0;
			knownRegions = (
				en,
				Base,
			);
			mainGroup = 64F9098F240EDEB700FF621E;
			productRefGroup = 64F90999240EDEB700FF621E /* Products */;
			projectDirPath = "";
			projectRoot = "";
			targets = (
				64F90997240EDEB700FF621E /* nano4 */,
			);
		};
/* End PBXProject section */

/* Begin PBXResourcesBuildPhase section */
		64F90996240EDEB700FF621E /* Resources */ = {
			isa = PBXResourcesBuildPhase;
			buildActionMask = 2147483647;
			files = (
				56FAC14A241EDB7F00DA9B3B /* blocoquebrando1.wav in Resources */,
				64F909A8240EDEBA00FF621E /* LaunchScreen.storyboard in Resources */,
				56FAC14C241EDB9000DA9B3B /* vida1.wav in Resources */,
				56FAC14E241EDB9E00DA9B3B /* subtraçãobloco1.wav in Resources */,
				644F84FE2411A48600412309 /* GameScene.sks in Resources */,
				56FA5A13241AB514003ACDE9 /* SF-Mono-Semibold.otf in Resources */,
				64F909A5240EDEBA00FF621E /* Preview Assets.xcassets in Resources */,
				64A40145242D54E500138B4C /* GoogleService-Info.plist in Resources */,
				64F909A2240EDEBA00FF621E /* Assets.xcassets in Resources */,
				56FAC148241EDB7800DA9B3B /* gameover2.wav in Resources */,
			);
			runOnlyForDeploymentPostprocessing = 0;
		};
/* End PBXResourcesBuildPhase section */

/* Begin PBXShellScriptBuildPhase section */
		593C1EF035776BDA27819071 /* [CP] Embed Pods Frameworks */ = {
			isa = PBXShellScriptBuildPhase;
			buildActionMask = 2147483647;
			files = (
			);
			inputFileListPaths = (
				"${PODS_ROOT}/Target Support Files/Pods-nano4/Pods-nano4-frameworks-${CONFIGURATION}-input-files.xcfilelist",
			);
			name = "[CP] Embed Pods Frameworks";
			outputFileListPaths = (
				"${PODS_ROOT}/Target Support Files/Pods-nano4/Pods-nano4-frameworks-${CONFIGURATION}-output-files.xcfilelist",
			);
			runOnlyForDeploymentPostprocessing = 0;
			shellPath = /bin/sh;
			shellScript = "\"${PODS_ROOT}/Target Support Files/Pods-nano4/Pods-nano4-frameworks.sh\"\n";
			showEnvVarsInLog = 0;
		};
		64A4014624302CBF00138B4C /* ShellScript */ = {
			isa = PBXShellScriptBuildPhase;
			buildActionMask = 2147483647;
			files = (
			);
			inputFileListPaths = (
			);
			inputPaths = (
				"$(SRCROOT)/$(BUILT_PRODUCTS_DIR)/$(INFOPLIST_PATH)",
				"${DWARF_DSYM_FOLDER_PATH}/${DWARF_DSYM_FILE_NAME}/Contents/Resources/DWARF/${TARGET_NAME}",
			);
			outputFileListPaths = (
			);
			outputPaths = (
			);
			runOnlyForDeploymentPostprocessing = 0;
			shellPath = /bin/sh;
			shellScript = "# Type a script or drag a script file from your workspace to insert its path.\n\"${PODS_ROOT}/FirebaseCrashlytics/run\"\n\n";
		};
		8C9D17A7039872A8C389C91A /* [CP] Check Pods Manifest.lock */ = {
			isa = PBXShellScriptBuildPhase;
			buildActionMask = 2147483647;
			files = (
			);
			inputFileListPaths = (
			);
			inputPaths = (
				"${PODS_PODFILE_DIR_PATH}/Podfile.lock",
				"${PODS_ROOT}/Manifest.lock",
			);
			name = "[CP] Check Pods Manifest.lock";
			outputFileListPaths = (
			);
			outputPaths = (
				"$(DERIVED_FILE_DIR)/Pods-nano4-checkManifestLockResult.txt",
			);
			runOnlyForDeploymentPostprocessing = 0;
			shellPath = /bin/sh;
			shellScript = "diff \"${PODS_PODFILE_DIR_PATH}/Podfile.lock\" \"${PODS_ROOT}/Manifest.lock\" > /dev/null\nif [ $? != 0 ] ; then\n    # print error to STDERR\n    echo \"error: The sandbox is not in sync with the Podfile.lock. Run 'pod install' or update your CocoaPods installation.\" >&2\n    exit 1\nfi\n# This output is used by Xcode 'outputs' to avoid re-running this script phase.\necho \"SUCCESS\" > \"${SCRIPT_OUTPUT_FILE_0}\"\n";
			showEnvVarsInLog = 0;
		};
/* End PBXShellScriptBuildPhase section */

/* Begin PBXSourcesBuildPhase section */
		64F90994240EDEB700FF621E /* Sources */ = {
			isa = PBXSourcesBuildPhase;
			buildActionMask = 2147483647;
			files = (
				644F84E2241020EF00412309 /* FirstView.swift in Sources */,
				644F8513241846F700412309 /* Bar.swift in Sources */,
				644F85152418478400412309 /* BarSpawner.swift in Sources */,
				56FA5A15241AC564003ACDE9 /* CellphoneView.swift in Sources */,
				563E695B2412D30200333DDD /* EndGameView.swift in Sources */,
				644F85002411A48600412309 /* GameObject.swift in Sources */,
				644F85072411A49700412309 /* LifeSpawner.swift in Sources */,
				644F84E2241020EF00412309 /* FirstView.swift in Sources */,
				64F909B5240EDF0500FF621E /* GameViewController.swift in Sources */,
				644F85082411A49800412309 /* ContactMask.swift in Sources */,
				644F84E4241020FE00412309 /* PauseView.swift in Sources */,
				644F85092411A49800412309 /* Spawner.swift in Sources */,
				644F85012411A48600412309 /* Player.swift in Sources */,
				644F850A2411A49800412309 /* BlockSpawner.swift in Sources */,
				56FA5A1024197439003ACDE9 /* TailNode.swift in Sources */,
				644F850B2411A49800412309 /* Lifes.swift in Sources */,
				644F84FD2411A48600412309 /* GameScene.swift in Sources */,
				5620E1CE2422D98400D04D8B /* GameData.swift in Sources */,
				64F9099C240EDEB700FF621E /* AppDelegate.swift in Sources */,
				564C2837242169A400020E64 /* AdDelegateWrapper.swift in Sources */,
				644F84E0241020A100412309 /* SetupView.swift in Sources */,
				56FA5A0A241804C3003ACDE9 /* Model.swift in Sources */,
				64F9099E240EDEB700FF621E /* SceneDelegate.swift in Sources */,
				644F84FF2411A48600412309 /* Block.swift in Sources */,
				64F909B4240EDF0500FF621E /* GameViewAdapter.swift in Sources */,
				64F909A0240EDEB700FF621E /* ContentView.swift in Sources */,
			);
			runOnlyForDeploymentPostprocessing = 0;
		};
/* End PBXSourcesBuildPhase section */

/* Begin PBXVariantGroup section */
		64F909A6240EDEBA00FF621E /* LaunchScreen.storyboard */ = {
			isa = PBXVariantGroup;
			children = (
				64F909A7240EDEBA00FF621E /* Base */,
			);
			name = LaunchScreen.storyboard;
			sourceTree = "<group>";
		};
/* End PBXVariantGroup section */

/* Begin XCBuildConfiguration section */
		64F909AA240EDEBA00FF621E /* Debug */ = {
			isa = XCBuildConfiguration;
			buildSettings = {
				ALWAYS_SEARCH_USER_PATHS = NO;
				CLANG_ANALYZER_NONNULL = YES;
				CLANG_ANALYZER_NUMBER_OBJECT_CONVERSION = YES_AGGRESSIVE;
				CLANG_CXX_LANGUAGE_STANDARD = "gnu++14";
				CLANG_CXX_LIBRARY = "libc++";
				CLANG_ENABLE_MODULES = YES;
				CLANG_ENABLE_OBJC_ARC = YES;
				CLANG_ENABLE_OBJC_WEAK = YES;
				CLANG_WARN_BLOCK_CAPTURE_AUTORELEASING = YES;
				CLANG_WARN_BOOL_CONVERSION = YES;
				CLANG_WARN_COMMA = YES;
				CLANG_WARN_CONSTANT_CONVERSION = YES;
				CLANG_WARN_DEPRECATED_OBJC_IMPLEMENTATIONS = YES;
				CLANG_WARN_DIRECT_OBJC_ISA_USAGE = YES_ERROR;
				CLANG_WARN_DOCUMENTATION_COMMENTS = YES;
				CLANG_WARN_EMPTY_BODY = YES;
				CLANG_WARN_ENUM_CONVERSION = YES;
				CLANG_WARN_INFINITE_RECURSION = YES;
				CLANG_WARN_INT_CONVERSION = YES;
				CLANG_WARN_NON_LITERAL_NULL_CONVERSION = YES;
				CLANG_WARN_OBJC_IMPLICIT_RETAIN_SELF = YES;
				CLANG_WARN_OBJC_LITERAL_CONVERSION = YES;
				CLANG_WARN_OBJC_ROOT_CLASS = YES_ERROR;
				CLANG_WARN_RANGE_LOOP_ANALYSIS = YES;
				CLANG_WARN_STRICT_PROTOTYPES = YES;
				CLANG_WARN_SUSPICIOUS_MOVE = YES;
				CLANG_WARN_UNGUARDED_AVAILABILITY = YES_AGGRESSIVE;
				CLANG_WARN_UNREACHABLE_CODE = YES;
				CLANG_WARN__DUPLICATE_METHOD_MATCH = YES;
				COPY_PHASE_STRIP = NO;
				DEBUG_INFORMATION_FORMAT = dwarf;
				ENABLE_STRICT_OBJC_MSGSEND = YES;
				ENABLE_TESTABILITY = YES;
				GCC_C_LANGUAGE_STANDARD = gnu11;
				GCC_DYNAMIC_NO_PIC = NO;
				GCC_NO_COMMON_BLOCKS = YES;
				GCC_OPTIMIZATION_LEVEL = 0;
				GCC_PREPROCESSOR_DEFINITIONS = (
					"DEBUG=1",
					"$(inherited)",
				);
				GCC_WARN_64_TO_32_BIT_CONVERSION = YES;
				GCC_WARN_ABOUT_RETURN_TYPE = YES_ERROR;
				GCC_WARN_UNDECLARED_SELECTOR = YES;
				GCC_WARN_UNINITIALIZED_AUTOS = YES_AGGRESSIVE;
				GCC_WARN_UNUSED_FUNCTION = YES;
				GCC_WARN_UNUSED_VARIABLE = YES;
				IPHONEOS_DEPLOYMENT_TARGET = 13.1;
				MTL_ENABLE_DEBUG_INFO = INCLUDE_SOURCE;
				MTL_FAST_MATH = YES;
				ONLY_ACTIVE_ARCH = YES;
				SDKROOT = iphoneos;
				SWIFT_ACTIVE_COMPILATION_CONDITIONS = DEBUG;
				SWIFT_OPTIMIZATION_LEVEL = "-Onone";
			};
			name = Debug;
		};
		64F909AB240EDEBA00FF621E /* Release */ = {
			isa = XCBuildConfiguration;
			buildSettings = {
				ALWAYS_SEARCH_USER_PATHS = NO;
				CLANG_ANALYZER_NONNULL = YES;
				CLANG_ANALYZER_NUMBER_OBJECT_CONVERSION = YES_AGGRESSIVE;
				CLANG_CXX_LANGUAGE_STANDARD = "gnu++14";
				CLANG_CXX_LIBRARY = "libc++";
				CLANG_ENABLE_MODULES = YES;
				CLANG_ENABLE_OBJC_ARC = YES;
				CLANG_ENABLE_OBJC_WEAK = YES;
				CLANG_WARN_BLOCK_CAPTURE_AUTORELEASING = YES;
				CLANG_WARN_BOOL_CONVERSION = YES;
				CLANG_WARN_COMMA = YES;
				CLANG_WARN_CONSTANT_CONVERSION = YES;
				CLANG_WARN_DEPRECATED_OBJC_IMPLEMENTATIONS = YES;
				CLANG_WARN_DIRECT_OBJC_ISA_USAGE = YES_ERROR;
				CLANG_WARN_DOCUMENTATION_COMMENTS = YES;
				CLANG_WARN_EMPTY_BODY = YES;
				CLANG_WARN_ENUM_CONVERSION = YES;
				CLANG_WARN_INFINITE_RECURSION = YES;
				CLANG_WARN_INT_CONVERSION = YES;
				CLANG_WARN_NON_LITERAL_NULL_CONVERSION = YES;
				CLANG_WARN_OBJC_IMPLICIT_RETAIN_SELF = YES;
				CLANG_WARN_OBJC_LITERAL_CONVERSION = YES;
				CLANG_WARN_OBJC_ROOT_CLASS = YES_ERROR;
				CLANG_WARN_RANGE_LOOP_ANALYSIS = YES;
				CLANG_WARN_STRICT_PROTOTYPES = YES;
				CLANG_WARN_SUSPICIOUS_MOVE = YES;
				CLANG_WARN_UNGUARDED_AVAILABILITY = YES_AGGRESSIVE;
				CLANG_WARN_UNREACHABLE_CODE = YES;
				CLANG_WARN__DUPLICATE_METHOD_MATCH = YES;
				COPY_PHASE_STRIP = NO;
				DEBUG_INFORMATION_FORMAT = "dwarf-with-dsym";
				ENABLE_NS_ASSERTIONS = NO;
				ENABLE_STRICT_OBJC_MSGSEND = YES;
				GCC_C_LANGUAGE_STANDARD = gnu11;
				GCC_NO_COMMON_BLOCKS = YES;
				GCC_WARN_64_TO_32_BIT_CONVERSION = YES;
				GCC_WARN_ABOUT_RETURN_TYPE = YES_ERROR;
				GCC_WARN_UNDECLARED_SELECTOR = YES;
				GCC_WARN_UNINITIALIZED_AUTOS = YES_AGGRESSIVE;
				GCC_WARN_UNUSED_FUNCTION = YES;
				GCC_WARN_UNUSED_VARIABLE = YES;
				IPHONEOS_DEPLOYMENT_TARGET = 13.1;
				MTL_ENABLE_DEBUG_INFO = NO;
				MTL_FAST_MATH = YES;
				SDKROOT = iphoneos;
				SWIFT_COMPILATION_MODE = wholemodule;
				SWIFT_OPTIMIZATION_LEVEL = "-O";
				VALIDATE_PRODUCT = YES;
			};
			name = Release;
		};
		64F909AD240EDEBA00FF621E /* Debug */ = {
			isa = XCBuildConfiguration;
			baseConfigurationReference = 3C4CC39FA039747263E7F774 /* Pods-nano4.debug.xcconfig */;
			buildSettings = {
				ASSETCATALOG_COMPILER_APPICON_NAME = AppIcon;
				CODE_SIGN_STYLE = Automatic;
				DEBUG_INFORMATION_FORMAT = "dwarf-with-dsym";
				DEVELOPMENT_ASSET_PATHS = "\"nano4/Preview Content\"";
				DEVELOPMENT_TEAM = PS78UKHFKZ;
				ENABLE_PREVIEWS = YES;
				INFOPLIST_FILE = nano4/Info.plist;
				LD_RUNPATH_SEARCH_PATHS = (
					"$(inherited)",
					"@executable_path/Frameworks",
				);
				PRODUCT_BUNDLE_IDENTIFIER = br.dev.KevinRibeiro.nano4;
				PRODUCT_NAME = "$(TARGET_NAME)";
				SWIFT_VERSION = 5.0;
				TARGETED_DEVICE_FAMILY = 1;
			};
			name = Debug;
		};
		64F909AE240EDEBA00FF621E /* Release */ = {
			isa = XCBuildConfiguration;
			baseConfigurationReference = C07B6833FF1B4E51CC3B8668 /* Pods-nano4.release.xcconfig */;
			buildSettings = {
				ASSETCATALOG_COMPILER_APPICON_NAME = AppIcon;
				CODE_SIGN_STYLE = Automatic;
				DEVELOPMENT_ASSET_PATHS = "\"nano4/Preview Content\"";
				DEVELOPMENT_TEAM = PS78UKHFKZ;
				ENABLE_PREVIEWS = YES;
				INFOPLIST_FILE = nano4/Info.plist;
				LD_RUNPATH_SEARCH_PATHS = (
					"$(inherited)",
					"@executable_path/Frameworks",
				);
				PRODUCT_BUNDLE_IDENTIFIER = br.dev.KevinRibeiro.nano4;
				PRODUCT_NAME = "$(TARGET_NAME)";
				SWIFT_VERSION = 5.0;
				TARGETED_DEVICE_FAMILY = 1;
			};
			name = Release;
		};
/* End XCBuildConfiguration section */

/* Begin XCConfigurationList section */
		64F90993240EDEB700FF621E /* Build configuration list for PBXProject "nano4" */ = {
			isa = XCConfigurationList;
			buildConfigurations = (
				64F909AA240EDEBA00FF621E /* Debug */,
				64F909AB240EDEBA00FF621E /* Release */,
			);
			defaultConfigurationIsVisible = 0;
			defaultConfigurationName = Release;
		};
		64F909AC240EDEBA00FF621E /* Build configuration list for PBXNativeTarget "nano4" */ = {
			isa = XCConfigurationList;
			buildConfigurations = (
				64F909AD240EDEBA00FF621E /* Debug */,
				64F909AE240EDEBA00FF621E /* Release */,
			);
			defaultConfigurationIsVisible = 0;
			defaultConfigurationName = Release;
		};
/* End XCConfigurationList section */
	};
	rootObject = 64F90990240EDEB700FF621E /* Project object */;
}
